
Microsoft Visual Studio Solution File, Format Version 12.00
# Visual Studio Version 17
VisualStudioVersion = 17.5.33627.172
MinimumVisualStudioVersion = 10.0.40219.1
Project("{FAE04EC0-301F-11D3-BF4B-00C04F79EFBC}") = "NetCore7.DownloadExcel.OpenXML_and_iText7", "NetCore7.DownloadExcel.OpenXML_and_iText7\NetCore7.DownloadExcel.OpenXML_and_iText7.csproj", "{555590BC-AEA8-4D86-868A-B608B016AB98}"
EndProject
Global
	GlobalSection(SolutionConfigurationPlatforms) = preSolution
		Debug|Any CPU = Debug|Any CPU
		Release|Any CPU = Release|Any CPU
	EndGlobalSection
	GlobalSection(ProjectConfigurationPlatforms) = postSolution
		{555590BC-AEA8-4D86-868A-B608B016AB98}.Debug|Any CPU.ActiveCfg = Debug|Any CPU
		{555590BC-AEA8-4D86-868A-B608B016AB98}.Debug|Any CPU.Build.0 = Debug|Any CPU
		{555590BC-AEA8-4D86-868A-B608B016AB98}.Release|Any CPU.ActiveCfg = Release|Any CPU
		{555590BC-AEA8-4D86-868A-B608B016AB98}.Release|Any CPU.Build.0 = Release|Any CPU
	EndGlobalSection
	GlobalSection(SolutionProperties) = preSolution
		HideSolutionNode = FALSE
	EndGlobalSection
	GlobalSection(ExtensibilityGlobals) = postSolution
		SolutionGuid = {F21012D3-179C-4B9B-A18A-0A4558F769CA}
	EndGlobalSection
EndGlobal
